# This file was autogenerated by uv via the following command:
#    uv pip compile --generate-hashes --no-emit-package numpy requirements.txt --python-version 3.11 --python-platform x86_64-pc-windows-msvc -o requirements-win-py311.lock
colorama==0.4.6 \
    --hash=sha256:08695f5cb7ed6e0531a20572697297273c47b8cae5a63ffc6d6ed5c201be6e44 \
    --hash=sha256:4f1d9991f5acc0ca119f9d443620b77f9d6b33703e51011c16baf57afb285fc6
    # via tqdm
geographiclib==2.1 \
    --hash=sha256:6a6545e6262d0ed3522e13c515713718797e37ed8c672c31ad7b249f372ef108 \
    --hash=sha256:e2a873b9b9e7fc38721ad73d5f4e6c9ed140d428a339970f505c07056997d40b
    # via geopy
geopy==2.4.1 \
    --hash=sha256:50283d8e7ad07d89be5cb027338c6365a32044df3ae2556ad3f52f4840b3d0d1 \
    --hash=sha256:ae8b4bc5c1131820f4d75fce9d4aaaca0c85189b3aa5d64c3dcaf5e3b7b882a7
    # via -r requirements.txt
opencv-python==4.10.0.84 \
    --hash=sha256:09a332b50488e2dda866a6c5573ee192fe3583239fb26ff2f7f9ceb0bc119ea6 \
    --hash=sha256:2db02bb7e50b703f0a2d50c50ced72e95c574e1e5a0bb35a8a86d0b35c98c236 \
    --hash=sha256:32dbbd94c26f611dc5cc6979e6b7aa1f55a64d6b463cc1dcd3c95505a63e48fe \
    --hash=sha256:71e575744f1d23f79741450254660442785f45a0797212852ee5199ef12eed98 \
    --hash=sha256:72d234e4582e9658ffea8e9cae5b63d488ad06994ef12d81dc303b17472f3526 \
    --hash=sha256:9ace140fc6d647fbe1c692bcb2abce768973491222c067c131d80957c595b71f \
    --hash=sha256:fc182f8f4cda51b45f01c64e4cbedfc2f00aff799debebc305d8d0210c43f251
    # via -r requirements.txt
pyexiftool==0.5.6 \
    --hash=sha256:22a972c1c212d1ad5f61916fded5057333dcc48fb8e42eed12d2ff9665b367ae \
    --hash=sha256:ac7d7836d2bf373f20aa558528f6b2222c4c0d896ed28c951a3ff8e6cec05a87
    # via -r requirements.txt
pygeomag==1.1.0 \
    --hash=sha256:b08fc5de7ca545721e511f62a342d415a4d76e695fec28ef9ef255e994e6727b \
    --hash=sha256:c38943c43f7e0e771e25f101b2b94077f00307436760bbf5e79b84c3a41569d7
    # via -r requirements.txt
shapely==2.1.2 \
    --hash=sha256:0036ac886e0923417932c2e6369b6c52e38e0ff5d9120b90eef5cd9a5fc5cae9 \
    --hash=sha256:01d0d304b25634d60bd7cf291828119ab55a3bab87dc4af1e44b07fb225f188b \
    --hash=sha256:0bd308103340030feef6c111d3eb98d50dc13feea33affc8a6f9fa549e9458a3 \
    --hash=sha256:136ab87b17e733e22f0961504d05e77e7be8c9b5a8184f685b4a91a84efe3c26 \
    --hash=sha256:16a9c722ba774cf50b5d4541242b4cce05aafd44a015290c82ba8a16931ff63d \
    --hash=sha256:16c5d0fc45d3aa0a69074979f4f1928ca2734fb2e0dde8af9611e134e46774e7 \
    --hash=sha256:19efa3611eef966e776183e338b2d7ea43569ae99ab34f8d17c2c054d3205cc0 \
    --hash=sha256:1d0bfb4b8f661b3b4ec3565fa36c340bfb1cda82087199711f86a88647d26b2f \
    --hash=sha256:1e7d4d7ad262a48bb44277ca12c7c78cb1b0f56b32c10734ec9a1d30c0b0c54b \
    --hash=sha256:1f2f33f486777456586948e333a56ae21f35ae273be99255a191f5c1fa302eb4 \
    --hash=sha256:1ff629e00818033b8d71139565527ced7d776c269a49bd78c9df84e8f852190c \
    --hash=sha256:21952dc00df38a2c28375659b07a3979d22641aeb104751e769c3ee825aadecf \
    --hash=sha256:2d93d23bdd2ed9dc157b46bc2f19b7da143ca8714464249bef6771c679d5ff40 \
    --hash=sha256:2ed4ecb28320a433db18a5bf029986aa8afcfd740745e78847e330d5d94922a9 \
    --hash=sha256:2fa78b49485391224755a856ed3b3bd91c8455f6121fee0db0e71cefb07d0ef6 \
    --hash=sha256:346ec0c1a0fcd32f57f00e4134d1200e14bf3f5ae12af87ba83ca275c502498c \
    --hash=sha256:361b6d45030b4ac64ddd0a26046906c8202eb60d0f9f53085f5179f1d23021a0 \
    --hash=sha256:40d784101f5d06a1fd30b55fc11ea58a61be23f930d934d86f19a180909908a4 \
    --hash=sha256:4a44bc62a10d84c11a7a3d7c1c4fe857f7477c3506e24c9062da0db0ae0c449c \
    --hash=sha256:5860eb9f00a1d49ebb14e881f5caf6c2cf472c7fd38bd7f253bbd34f934eb076 \
    --hash=sha256:5ebe3f84c6112ad3d4632b1fd2290665aa75d4cef5f6c5d77c4c95b324527c6a \
    --hash=sha256:61edcd8d0d17dd99075d320a1dd39c0cb9616f7572f10ef91b4b5b00c4aeb566 \
    --hash=sha256:6305993a35989391bd3476ee538a5c9a845861462327efe00dd11a5c8c709a99 \
    --hash=sha256:6ddc759f72b5b2b0f54a7e7cde44acef680a55019eb52ac63a7af2cf17cb9cd2 \
    --hash=sha256:743044b4cfb34f9a67205cee9279feaf60ba7d02e69febc2afc609047cb49179 \
    --hash=sha256:7ae48c236c0324b4e139bea88a306a04ca630f49be66741b340729d380d8f52f \
    --hash=sha256:7ed1a5bbfb386ee8332713bf7508bc24e32d24b74fc9a7b9f8529a55db9f4ee6 \
    --hash=sha256:8cff473e81017594d20ec55d86b54bc635544897e13a7cfc12e36909c5309a2a \
    --hash=sha256:8d8382dd120d64b03698b7298b89611a6ea6f55ada9d39942838b79c9bc89801 \
    --hash=sha256:9111274b88e4d7b54a95218e243282709b330ef52b7b86bc6aaf4f805306f454 \
    --hash=sha256:91121757b0a36c9aac3427a651a7e6567110a4a67c97edf04f8d55d4765f6618 \
    --hash=sha256:980c777c612514c0cf99bc8a9de6d286f5e186dcaf9091252fcd444e5638193d \
    --hash=sha256:9a522f460d28e2bf4e12396240a5fc1518788b2fcd73535166d748399ef0c223 \
    --hash=sha256:9c3a3c648aedc9f99c09263b39f2d8252f199cb3ac154fadc173283d7d111350 \
    --hash=sha256:a1fd0ea855b2cf7c9cddaf25543e914dd75af9de08785f20ca3085f2c9ca60b0 \
    --hash=sha256:a444e7afccdb0999e203b976adb37ea633725333e5b119ad40b1ca291ecf311c \
    --hash=sha256:a84e0582858d841d54355246ddfcbd1fce3179f185da7470f41ce39d001ee1af \
    --hash=sha256:b510dda1a3672d6879beb319bc7c5fd302c6c354584690973c838f46ec3e0fa8 \
    --hash=sha256:b54df60f1fbdecc8ebc2c5b11870461a6417b3d617f555e5033f1505d36e5735 \
    --hash=sha256:b705c99c76695702656327b819c9660768ec33f5ce01fa32b2af62b56ba400a1 \
    --hash=sha256:ba4d1333cc0bc94381d6d4308d2e4e008e0bd128bdcff5573199742ee3634359 \
    --hash=sha256:c64d5c97b2f47e3cd9b712eaced3b061f2b71234b3fc263e0fcf7d889c6559dc \
    --hash=sha256:c8876673449f3401f278c86eb33224c5764582f72b653a415d0e6672fde887bf \
    --hash=sha256:ca2591bff6645c216695bdf1614fca9c82ea1144d4a7591a466fef64f28f0715 \
    --hash=sha256:cc4f7397459b12c0b196c9efe1f9d7e92463cbba142632b4cc6d8bbbbd3e2b09 \
    --hash=sha256:cf831a13e0d5a7eb519e96f58ec26e049b1fad411fc6fc23b162a7ce04d9cffc \
    --hash=sha256:dc3487447a43d42adcdf52d7ac73804f2312cbfa5d433a7d2c506dcab0033dfd \
    --hash=sha256:df90e2db118c3671a0754f38e36802db75fe0920d211a27481daf50a711fdf26 \
    --hash=sha256:e38a190442aacc67ff9f75ce60aec04893041f16f97d242209106d502486a142 \
    --hash=sha256:e9eddfe513096a71896441a7c37db72da0687b34752c4e193577a145c71736fc \
    --hash=sha256:eba6710407f1daa8e7602c347dfc94adc02205ec27ed956346190d66579eb9ea \
    --hash=sha256:ef4a456cc8b7b3d50ccec29642aa4aeda959e9da2fe9540a92754770d5f0cf1f \
    --hash=sha256:f67b34271dedc3c653eba4e3d7111aa421d5be9b4c4c7d38d30907f796cb30df \
    --hash=sha256:f6f6cd5819c50d9bcf921882784586aab34a4bd53e7553e175dece6db513a6f0 \
    --hash=sha256:fe2533caae6a91a543dec62e8360fe86ffcdc42a7c55f9dfd0128a977a896b94 \
    --hash=sha256:fe7b77dc63d707c09726b7908f575fc04ff1d1ad0f3fb92aec212396bc6cfe5e \
    --hash=sha256:fe9627c39c59e553c90f5bc3128252cb85dc3b3be8189710666d2f8bc3a5503e
    # via -r requirements.txt
tqdm==4.67.1 \
    --hash=sha256:26445eca388f82e72884e0d580d5464cd801a3ea01e63e5601bdff9ba6a48de2 \
    --hash=sha256:f8aef9c52c08c13a65f30ea34f4e5aac3fd1a34959879d7e59e63027286627f2
    # via -r requirements.txt

# The following packages were excluded from the output:
# numpy
